<?xml version="1.0" encoding="utf-8"?>
<Project ToolsVersion="4.0" xmlns="http://schemas.microsoft.com/developer/msbuild/2003">
  <ItemGroup>
    <Filter Include="Source Files">
      <UniqueIdentifier>{4FC737F1-C7A5-4376-A066-2A32D752A2FF}</UniqueIdentifier>
      <Extensions>cpp;c;cc;cxx;c++;cppm;ixx;def;odl;idl;hpj;bat;asm;asmx</Extensions>
    </Filter>
    <Filter Include="Header Files">
      <UniqueIdentifier>{93995380-89BD-4b04-88EB-625FBE52EBFB}</UniqueIdentifier>
      <Extensions>h;hh;hpp;hxx;h++;hm;inl;inc;ipp;xsd</Extensions>
    </Filter>
    <Filter Include="Resource Files">
      <UniqueIdentifier>{67DA6AB6-F800-4c08-8B7A-83BB121AAD01}</UniqueIdentifier>
      <Extensions>rc;ico;cur;bmp;dlg;rc2;rct;bin;rgs;gif;jpg;jpeg;jpe;resx;tiff;tif;png;wav;mfcribbon-ms</Extensions>
    </Filter>
    <Filter Include="Source Files\Enum">
      <UniqueIdentifier>{a2a635d9-49e8-43e0-99d4-37e90d39ea1b}</UniqueIdentifier>
    </Filter>
    <Filter Include="Header Files\Helpers">
      <UniqueIdentifier>{440ec8f0-6894-4517-8f25-713d16ae2d1a}</UniqueIdentifier>
    </Filter>
    <Filter Include="Source Files\Helpers">
      <UniqueIdentifier>{e6e5e730-0d29-4601-ba6c-1508157d4a2e}</UniqueIdentifier>
    </Filter>
  </ItemGroup>
  <ItemGroup>
    <ClCompile Include="main.cpp">
      <Filter>Source Files</Filter>
    </ClCompile>
    <ClCompile Include="NesSystem.cpp">
      <Filter>Source Files</Filter>
    </ClCompile>
    <ClCompile Include="CPU.cpp">
      <Filter>Source Files</Filter>
    </ClCompile>
    <ClCompile Include="PPU.cpp">
      <Filter>Source Files</Filter>
    </ClCompile>
    <ClCompile Include="HexDisplayHelper.cpp">
      <Filter>Source Files</Filter>
    </ClCompile>
    <ClCompile Include="RomReader.cpp">
      <Filter>Source Files</Filter>
    </ClCompile>
    <ClCompile Include="Rom.cpp">
      <Filter>Source Files</Filter>
    </ClCompile>
    <ClCompile Include="AddrModeEnum.cpp">
      <Filter>Source Files\Enum</Filter>
    </ClCompile>
    <ClCompile Include="Helpers\StringHelper.h">
      <Filter>Header Files\Helpers</Filter>
    </ClCompile>
    <ClCompile Include="Helpers\StringHelper.cpp">
      <Filter>Source Files\Helpers</Filter>
    </ClCompile>
    <ClCompile Include="Helpers\HexDisplayHelper.cpp">
      <Filter>Source Files</Filter>
    </ClCompile>
  </ItemGroup>
  <ItemGroup>
    <ClInclude Include="NesSystem.h">
      <Filter>Header Files</Filter>
    </ClInclude>
    <ClInclude Include="CPU.h">
      <Filter>Header Files</Filter>
    </ClInclude>
    <ClInclude Include="PPU.h">
      <Filter>Header Files</Filter>
    </ClInclude>
    <ClInclude Include="HexDisplayHelper.h">
      <Filter>Header Files</Filter>
    </ClInclude>
    <ClInclude Include="RomReader.h">
      <Filter>Header Files</Filter>
    </ClInclude>
    <ClInclude Include="Rom.h">
      <Filter>Header Files</Filter>
    </ClInclude>
    <ClInclude Include="Instruction.h">
      <Filter>Header Files</Filter>
    </ClInclude>
    <ClInclude Include="Helpers\HexDisplayHelper.h">
      <Filter>Header Files</Filter>
    </ClInclude>
  </ItemGroup>
  <ItemGroup>
    <Text Include="NESEmulatorResources.txt" />
  </ItemGroup>
</Project>